// !$*UTF8*$!
{
	archiveVersion = 1;
	classes = {
	};
	objectVersion = 56;
	objects = {

/* Begin PBXBuildFile section */
		3E16FB9A28ED327800674941 /* Buttons.swift in Sources */ = {isa = PBXBuildFile; fileRef = 3E16FB9928ED327800674941 /* Buttons.swift */; };
		3E81137628EA8DD700E591EA /* SystemFeatureAppApp.swift in Sources */ = {isa = PBXBuildFile; fileRef = 3E81137528EA8DD700E591EA /* SystemFeatureAppApp.swift */; };
		3E81137828EA8DD700E591EA /* ContentView.swift in Sources */ = {isa = PBXBuildFile; fileRef = 3E81137728EA8DD700E591EA /* ContentView.swift */; };
		3E81137A28EA8DD800E591EA /* Assets.xcassets in Resources */ = {isa = PBXBuildFile; fileRef = 3E81137928EA8DD800E591EA /* Assets.xcassets */; };
		3E81137D28EA8DD800E591EA /* Preview Assets.xcassets in Resources */ = {isa = PBXBuildFile; fileRef = 3E81137C28EA8DD800E591EA /* Preview Assets.xcassets */; };
		3E81138428EA921000E591EA /* Outline.swift in Sources */ = {isa = PBXBuildFile; fileRef = 3E81138328EA921000E591EA /* Outline.swift */; };
		3E95E38D28EBF6C300FE8835 /* AppViewModel.swift in Sources */ = {isa = PBXBuildFile; fileRef = 3E95E38C28EBF6C300FE8835 /* AppViewModel.swift */; };
		3E95E38F28EBF6FB00FE8835 /* SectionOutline.swift in Sources */ = {isa = PBXBuildFile; fileRef = 3E95E38E28EBF6FB00FE8835 /* SectionOutline.swift */; };
		3E95E39228EC845F00FE8835 /* ColorPickerView.swift in Sources */ = {isa = PBXBuildFile; fileRef = 3E95E39128EC845F00FE8835 /* ColorPickerView.swift */; };
		3E95E39428EC91C700FE8835 /* HapticButtonsView.swift in Sources */ = {isa = PBXBuildFile; fileRef = 3E95E39328EC91C700FE8835 /* HapticButtonsView.swift */; };
		3E95E39828EC955F00FE8835 /* GesturesButtonView.swift in Sources */ = {isa = PBXBuildFile; fileRef = 3E95E39728EC955F00FE8835 /* GesturesButtonView.swift */; };
		3EA3820528EB927F00BF5674 /* OutlineLabelView.swift in Sources */ = {isa = PBXBuildFile; fileRef = 3EA3820428EB927F00BF5674 /* OutlineLabelView.swift */; };
		3EA3820728EB939900BF5674 /* OutlineView.swift in Sources */ = {isa = PBXBuildFile; fileRef = 3EA3820628EB939900BF5674 /* OutlineView.swift */; };
/* End PBXBuildFile section */

/* Begin PBXFileReference section */
		3E16FB9928ED327800674941 /* Buttons.swift */ = {isa = PBXFileReference; lastKnownFileType = sourcecode.swift; path = Buttons.swift; sourceTree = "<group>"; };
		3E81137228EA8DD700E591EA /* SystemFeatureApp.app */ = {isa = PBXFileReference; explicitFileType = wrapper.application; includeInIndex = 0; path = SystemFeatureApp.app; sourceTree = BUILT_PRODUCTS_DIR; };
		3E81137528EA8DD700E591EA /* SystemFeatureAppApp.swift */ = {isa = PBXFileReference; lastKnownFileType = sourcecode.swift; path = SystemFeatureAppApp.swift; sourceTree = "<group>"; };
		3E81137728EA8DD700E591EA /* ContentView.swift */ = {isa = PBXFileReference; lastKnownFileType = sourcecode.swift; path = ContentView.swift; sourceTree = "<group>"; };
		3E81137928EA8DD800E591EA /* Assets.xcassets */ = {isa = PBXFileReference; lastKnownFileType = folder.assetcatalog; path = Assets.xcassets; sourceTree = "<group>"; };
		3E81137C28EA8DD800E591EA /* Preview Assets.xcassets */ = {isa = PBXFileReference; lastKnownFileType = folder.assetcatalog; path = "Preview Assets.xcassets"; sourceTree = "<group>"; };
		3E81138328EA921000E591EA /* Outline.swift */ = {isa = PBXFileReference; lastKnownFileType = sourcecode.swift; path = Outline.swift; sourceTree = "<group>"; };
		3E95E38C28EBF6C300FE8835 /* AppViewModel.swift */ = {isa = PBXFileReference; lastKnownFileType = sourcecode.swift; path = AppViewModel.swift; sourceTree = "<group>"; };
		3E95E38E28EBF6FB00FE8835 /* SectionOutline.swift */ = {isa = PBXFileReference; lastKnownFileType = sourcecode.swift; path = SectionOutline.swift; sourceTree = "<group>"; };
		3E95E39128EC845F00FE8835 /* ColorPickerView.swift */ = {isa = PBXFileReference; lastKnownFileType = sourcecode.swift; path = ColorPickerView.swift; sourceTree = "<group>"; };
		3E95E39328EC91C700FE8835 /* HapticButtonsView.swift */ = {isa = PBXFileReference; lastKnownFileType = sourcecode.swift; path = HapticButtonsView.swift; sourceTree = "<group>"; };
		3E95E39728EC955F00FE8835 /* GesturesButtonView.swift */ = {isa = PBXFileReference; lastKnownFileType = sourcecode.swift; path = GesturesButtonView.swift; sourceTree = "<group>"; };
		3EA3820428EB927F00BF5674 /* OutlineLabelView.swift */ = {isa = PBXFileReference; lastKnownFileType = sourcecode.swift; path = OutlineLabelView.swift; sourceTree = "<group>"; };
		3EA3820628EB939900BF5674 /* OutlineView.swift */ = {isa = PBXFileReference; lastKnownFileType = sourcecode.swift; path = OutlineView.swift; sourceTree = "<group>"; };
/* End PBXFileReference section */

/* Begin PBXFrameworksBuildPhase section */
		3E81136F28EA8DD700E591EA /* Frameworks */ = {
			isa = PBXFrameworksBuildPhase;
			buildActionMask = 2147483647;
			files = (
			);
			runOnlyForDeploymentPostprocessing = 0;
		};
/* End PBXFrameworksBuildPhase section */

/* Begin PBXGroup section */
		3E16FB9B28ED32EF00674941 /* Controls */ = {
			isa = PBXGroup;
			children = (
			);
			path = Controls;
			sourceTree = "<group>";
		};
		3E81136928EA8DD700E591EA = {
			isa = PBXGroup;
			children = (
				3E81137428EA8DD700E591EA /* SystemFeatureApp */,
				3E81137328EA8DD700E591EA /* Products */,
			);
			sourceTree = "<group>";
		};
		3E81137328EA8DD700E591EA /* Products */ = {
			isa = PBXGroup;
			children = (
				3E81137228EA8DD700E591EA /* SystemFeatureApp.app */,
			);
			name = Products;
			sourceTree = "<group>";
		};
		3E81137428EA8DD700E591EA /* SystemFeatureApp */ = {
			isa = PBXGroup;
			children = (
				3E81137528EA8DD700E591EA /* SystemFeatureAppApp.swift */,
				3E81137728EA8DD700E591EA /* ContentView.swift */,
				3EA3820628EB939900BF5674 /* OutlineView.swift */,
				3EA3820428EB927F00BF5674 /* OutlineLabelView.swift */,
				3E81138328EA921000E591EA /* Outline.swift */,
				3E95E38E28EBF6FB00FE8835 /* SectionOutline.swift */,
				3E95E38C28EBF6C300FE8835 /* AppViewModel.swift */,
				3E16FB9B28ED32EF00674941 /* Controls */,
				3E95E39028EC845600FE8835 /* Buttons */,
				3E81137928EA8DD800E591EA /* Assets.xcassets */,
				3E81137B28EA8DD800E591EA /* Preview Content */,
			);
			path = SystemFeatureApp;
			sourceTree = "<group>";
		};
		3E81137B28EA8DD800E591EA /* Preview Content */ = {
			isa = PBXGroup;
			children = (
				3E81137C28EA8DD800E591EA /* Preview Assets.xcassets */,
			);
			path = "Preview Content";
			sourceTree = "<group>";
		};
		3E95E39028EC845600FE8835 /* Buttons */ = {
			isa = PBXGroup;
			children = (
				3E95E39128EC845F00FE8835 /* ColorPickerView.swift */,
				3E95E39328EC91C700FE8835 /* HapticButtonsView.swift */,
				3E95E39728EC955F00FE8835 /* GesturesButtonView.swift */,
				3E16FB9928ED327800674941 /* Buttons.swift */,
			);
			path = Buttons;
			sourceTree = "<group>";
		};
/* End PBXGroup section */

/* Begin PBXNativeTarget section */
		3E81137128EA8DD700E591EA /* SystemFeatureApp */ = {
			isa = PBXNativeTarget;
			buildConfigurationList = 3E81138028EA8DD800E591EA /* Build configuration list for PBXNativeTarget "SystemFeatureApp" */;
			buildPhases = (
				3E81136E28EA8DD700E591EA /* Sources */,
				3E81136F28EA8DD700E591EA /* Frameworks */,
				3E81137028EA8DD700E591EA /* Resources */,
			);
			buildRules = (
			);
			dependencies = (
			);
			name = SystemFeatureApp;
			productName = SystemFeatureApp;
			productReference = 3E81137228EA8DD700E591EA /* SystemFeatureApp.app */;
			productType = "com.apple.product-type.application";
		};
/* End PBXNativeTarget section */

/* Begin PBXProject section */
		3E81136A28EA8DD700E591EA /* Project object */ = {
			isa = PBXProject;
			attributes = {
				BuildIndependentTargetsInParallel = 1;
				LastSwiftUpdateCheck = 1400;
				LastUpgradeCheck = 1400;
				TargetAttributes = {
					3E81137128EA8DD700E591EA = {
						CreatedOnToolsVersion = 14.0.1;
					};
				};
			};
			buildConfigurationList = 3E81136D28EA8DD700E591EA /* Build configuration list for PBXProject "SystemFeatureApp" */;
			compatibilityVersion = "Xcode 14.0";
			developmentRegion = en;
			hasScannedForEncodings = 0;
			knownRegions = (
				en,
				Base,
			);
			mainGroup = 3E81136928EA8DD700E591EA;
			productRefGroup = 3E81137328EA8DD700E591EA /* Products */;
			projectDirPath = "";
			projectRoot = "";
			targets = (
				3E81137128EA8DD700E591EA /* SystemFeatureApp */,
			);
		};
/* End PBXProject section */

/* Begin PBXResourcesBuildPhase section */
		3E81137028EA8DD700E591EA /* Resources */ = {
			isa = PBXResourcesBuildPhase;
			buildActionMask = 2147483647;
			files = (
				3E81137D28EA8DD800E591EA /* Preview Assets.xcassets in Resources */,
				3E81137A28EA8DD800E591EA /* Assets.xcassets in Resources */,
			);
			runOnlyForDeploymentPostprocessing = 0;
		};
/* End PBXResourcesBuildPhase section */

/* Begin PBXSourcesBuildPhase section */
		3E81136E28EA8DD700E591EA /* Sources */ = {
			isa = PBXSourcesBuildPhase;
			buildActionMask = 2147483647;
			files = (
				3E95E39228EC845F00FE8835 /* ColorPickerView.swift in Sources */,
				3EA3820528EB927F00BF5674 /* OutlineLabelView.swift in Sources */,
				3E95E39828EC955F00FE8835 /* GesturesButtonView.swift in Sources */,
				3E16FB9A28ED327800674941 /* Buttons.swift in Sources */,
				3E95E39428EC91C700FE8835 /* HapticButtonsView.swift in Sources */,
				3E81138428EA921000E591EA /* Outline.swift in Sources */,
				3E95E38D28EBF6C300FE8835 /* AppViewModel.swift in Sources */,
				3E81137828EA8DD700E591EA /* ContentView.swift in Sources */,
				3E95E38F28EBF6FB00FE8835 /* SectionOutline.swift in Sources */,
				3EA3820728EB939900BF5674 /* OutlineView.swift in Sources */,
				3E81137628EA8DD700E591EA /* SystemFeatureAppApp.swift in Sources */,
			);
			runOnlyForDeploymentPostprocessing = 0;
		};
/* End PBXSourcesBuildPhase section */

/* Begin XCBuildConfiguration section */
		3E81137E28EA8DD800E591EA /* Debug */ = {
			isa = XCBuildConfiguration;
			buildSettings = {
				ALWAYS_SEARCH_USER_PATHS = NO;
				CLANG_ANALYZER_NONNULL = YES;
				CLANG_ANALYZER_NUMBER_OBJECT_CONVERSION = YES_AGGRESSIVE;
				CLANG_CXX_LANGUAGE_STANDARD = "gnu++20";
				CLANG_ENABLE_MODULES = YES;
				CLANG_ENABLE_OBJC_ARC = YES;
				CLANG_ENABLE_OBJC_WEAK = YES;
				CLANG_WARN_BLOCK_CAPTURE_AUTORELEASING = YES;
				CLANG_WARN_BOOL_CONVERSION = YES;
				CLANG_WARN_COMMA = YES;
				CLANG_WARN_CONSTANT_CONVERSION = YES;
				CLANG_WARN_DEPRECATED_OBJC_IMPLEMENTATIONS = YES;
				CLANG_WARN_DIRECT_OBJC_ISA_USAGE = YES_ERROR;
				CLANG_WARN_DOCUMENTATION_COMMENTS = YES;
				CLANG_WARN_EMPTY_BODY = YES;
				CLANG_WARN_ENUM_CONVERSION = YES;
				CLANG_WARN_INFINITE_RECURSION = YES;
				CLANG_WARN_INT_CONVERSION = YES;
				CLANG_WARN_NON_LITERAL_NULL_CONVERSION = YES;
				CLANG_WARN_OBJC_IMPLICIT_RETAIN_SELF = YES;
				CLANG_WARN_OBJC_LITERAL_CONVERSION = YES;
				CLANG_WARN_OBJC_ROOT_CLASS = YES_ERROR;
				CLANG_WARN_QUOTED_INCLUDE_IN_FRAMEWORK_HEADER = YES;
				CLANG_WARN_RANGE_LOOP_ANALYSIS = YES;
				CLANG_WARN_STRICT_PROTOTYPES = YES;
				CLANG_WARN_SUSPICIOUS_MOVE = YES;
				CLANG_WARN_UNGUARDED_AVAILABILITY = YES_AGGRESSIVE;
				CLANG_WARN_UNREACHABLE_CODE = YES;
				CLANG_WARN__DUPLICATE_METHOD_MATCH = YES;
				COPY_PHASE_STRIP = NO;
				DEBUG_INFORMATION_FORMAT = dwarf;
				ENABLE_STRICT_OBJC_MSGSEND = YES;
				ENABLE_TESTABILITY = YES;
				GCC_C_LANGUAGE_STANDARD = gnu11;
				GCC_DYNAMIC_NO_PIC = NO;
				GCC_NO_COMMON_BLOCKS = YES;
				GCC_OPTIMIZATION_LEVEL = 0;
				GCC_PREPROCESSOR_DEFINITIONS = (
					"DEBUG=1",
					"$(inherited)",
				);
				GCC_WARN_64_TO_32_BIT_CONVERSION = YES;
				GCC_WARN_ABOUT_RETURN_TYPE = YES_ERROR;
				GCC_WARN_UNDECLARED_SELECTOR = YES;
				GCC_WARN_UNINITIALIZED_AUTOS = YES_AGGRESSIVE;
				GCC_WARN_UNUSED_FUNCTION = YES;
				GCC_WARN_UNUSED_VARIABLE = YES;
				IPHONEOS_DEPLOYMENT_TARGET = 16.0;
				MTL_ENABLE_DEBUG_INFO = INCLUDE_SOURCE;
				MTL_FAST_MATH = YES;
				ONLY_ACTIVE_ARCH = YES;
				SDKROOT = iphoneos;
				SWIFT_ACTIVE_COMPILATION_CONDITIONS = DEBUG;
				SWIFT_OPTIMIZATION_LEVEL = "-Onone";
			};
			name = Debug;
		};
		3E81137F28EA8DD800E591EA /* Release */ = {
			isa = XCBuildConfiguration;
			buildSettings = {
				ALWAYS_SEARCH_USER_PATHS = NO;
				CLANG_ANALYZER_NONNULL = YES;
				CLANG_ANALYZER_NUMBER_OBJECT_CONVERSION = YES_AGGRESSIVE;
				CLANG_CXX_LANGUAGE_STANDARD = "gnu++20";
				CLANG_ENABLE_MODULES = YES;
				CLANG_ENABLE_OBJC_ARC = YES;
				CLANG_ENABLE_OBJC_WEAK = YES;
				CLANG_WARN_BLOCK_CAPTURE_AUTORELEASING = YES;
				CLANG_WARN_BOOL_CONVERSION = YES;
				CLANG_WARN_COMMA = YES;
				CLANG_WARN_CONSTANT_CONVERSION = YES;
				CLANG_WARN_DEPRECATED_OBJC_IMPLEMENTATIONS = YES;
				CLANG_WARN_DIRECT_OBJC_ISA_USAGE = YES_ERROR;
				CLANG_WARN_DOCUMENTATION_COMMENTS = YES;
				CLANG_WARN_EMPTY_BODY = YES;
				CLANG_WARN_ENUM_CONVERSION = YES;
				CLANG_WARN_INFINITE_RECURSION = YES;
				CLANG_WARN_INT_CONVERSION = YES;
				CLANG_WARN_NON_LITERAL_NULL_CONVERSION = YES;
				CLANG_WARN_OBJC_IMPLICIT_RETAIN_SELF = YES;
				CLANG_WARN_OBJC_LITERAL_CONVERSION = YES;
				CLANG_WARN_OBJC_ROOT_CLASS = YES_ERROR;
				CLANG_WARN_QUOTED_INCLUDE_IN_FRAMEWORK_HEADER = YES;
				CLANG_WARN_RANGE_LOOP_ANALYSIS = YES;
				CLANG_WARN_STRICT_PROTOTYPES = YES;
				CLANG_WARN_SUSPICIOUS_MOVE = YES;
				CLANG_WARN_UNGUARDED_AVAILABILITY = YES_AGGRESSIVE;
				CLANG_WARN_UNREACHABLE_CODE = YES;
				CLANG_WARN__DUPLICATE_METHOD_MATCH = YES;
				COPY_PHASE_STRIP = NO;
				DEBUG_INFORMATION_FORMAT = "dwarf-with-dsym";
				ENABLE_NS_ASSERTIONS = NO;
				ENABLE_STRICT_OBJC_MSGSEND = YES;
				GCC_C_LANGUAGE_STANDARD = gnu11;
				GCC_NO_COMMON_BLOCKS = YES;
				GCC_WARN_64_TO_32_BIT_CONVERSION = YES;
				GCC_WARN_ABOUT_RETURN_TYPE = YES_ERROR;
				GCC_WARN_UNDECLARED_SELECTOR = YES;
				GCC_WARN_UNINITIALIZED_AUTOS = YES_AGGRESSIVE;
				GCC_WARN_UNUSED_FUNCTION = YES;
				GCC_WARN_UNUSED_VARIABLE = YES;
				IPHONEOS_DEPLOYMENT_TARGET = 16.0;
				MTL_ENABLE_DEBUG_INFO = NO;
				MTL_FAST_MATH = YES;
				SDKROOT = iphoneos;
				SWIFT_COMPILATION_MODE = wholemodule;
				SWIFT_OPTIMIZATION_LEVEL = "-O";
				VALIDATE_PRODUCT = YES;
			};
			name = Release;
		};
		3E81138128EA8DD800E591EA /* Debug */ = {
			isa = XCBuildConfiguration;
			buildSettings = {
				ASSETCATALOG_COMPILER_APPICON_NAME = AppIcon;
				ASSETCATALOG_COMPILER_GLOBAL_ACCENT_COLOR_NAME = AccentColor;
				CODE_SIGN_STYLE = Automatic;
				CURRENT_PROJECT_VERSION = 1;
				DEVELOPMENT_ASSET_PATHS = "\"SystemFeatureApp/Preview Content\"";
				DEVELOPMENT_TEAM = B6LXP9JCNK;
				ENABLE_PREVIEWS = YES;
				GENERATE_INFOPLIST_FILE = YES;
				INFOPLIST_KEY_UIApplicationSceneManifest_Generation = YES;
				INFOPLIST_KEY_UIApplicationSupportsIndirectInputEvents = YES;
				INFOPLIST_KEY_UILaunchScreen_Generation = YES;
				INFOPLIST_KEY_UISupportedInterfaceOrientations_iPad = "UIInterfaceOrientationPortrait UIInterfaceOrientationPortraitUpsideDown UIInterfaceOrientationLandscapeLeft UIInterfaceOrientationLandscapeRight";
				INFOPLIST_KEY_UISupportedInterfaceOrientations_iPhone = "UIInterfaceOrientationPortrait UIInterfaceOrientationLandscapeLeft UIInterfaceOrientationLandscapeRight";
				IPHONEOS_DEPLOYMENT_TARGET = 16.0;
				LD_RUNPATH_SEARCH_PATHS = (
					"$(inherited)",
					"@executable_path/Frameworks",
				);
				MARKETING_VERSION = 1.0;
				PRODUCT_BUNDLE_IDENTIFIER = com.HuyOng.SystemFeatureApp;
				PRODUCT_NAME = "$(TARGET_NAME)";
				SWIFT_EMIT_LOC_STRINGS = YES;
				SWIFT_VERSION = 5.0;
				TARGETED_DEVICE_FAMILY = "1,2";
			};
			name = Debug;
		};
		3E81138228EA8DD800E591EA /* Release */ = {
			isa = XCBuildConfiguration;
			buildSettings = {
				ASSETCATALOG_COMPILER_APPICON_NAME = AppIcon;
				ASSETCATALOG_COMPILER_GLOBAL_ACCENT_COLOR_NAME = AccentColor;
				CODE_SIGN_STYLE = Automatic;
				CURRENT_PROJECT_VERSION = 1;
				DEVELOPMENT_ASSET_PATHS = "\"SystemFeatureApp/Preview Content\"";
				DEVELOPMENT_TEAM = B6LXP9JCNK;
				ENABLE_PREVIEWS = YES;
				GENERATE_INFOPLIST_FILE = YES;
				INFOPLIST_KEY_UIApplicationSceneManifest_Generation = YES;
				INFOPLIST_KEY_UIApplicationSupportsIndirectInputEvents = YES;
				INFOPLIST_KEY_UILaunchScreen_Generation = YES;
				INFOPLIST_KEY_UISupportedInterfaceOrientations_iPad = "UIInterfaceOrientationPortrait UIInterfaceOrientationPortraitUpsideDown UIInterfaceOrientationLandscapeLeft UIInterfaceOrientationLandscapeRight";
				INFOPLIST_KEY_UISupportedInterfaceOrientations_iPhone = "UIInterfaceOrientationPortrait UIInterfaceOrientationLandscapeLeft UIInterfaceOrientationLandscapeRight";
				IPHONEOS_DEPLOYMENT_TARGET = 16.0;
				LD_RUNPATH_SEARCH_PATHS = (
					"$(inherited)",
					"@executable_path/Frameworks",
				);
				MARKETING_VERSION = 1.0;
				PRODUCT_BUNDLE_IDENTIFIER = com.HuyOng.SystemFeatureApp;
				PRODUCT_NAME = "$(TARGET_NAME)";
				SWIFT_EMIT_LOC_STRINGS = YES;
				SWIFT_VERSION = 5.0;
				TARGETED_DEVICE_FAMILY = "1,2";
			};
			name = Release;
		};
/* End XCBuildConfiguration section */

/* Begin XCConfigurationList section */
		3E81136D28EA8DD700E591EA /* Build configuration list for PBXProject "SystemFeatureApp" */ = {
			isa = XCConfigurationList;
			buildConfigurations = (
				3E81137E28EA8DD800E591EA /* Debug */,
				3E81137F28EA8DD800E591EA /* Release */,
			);
			defaultConfigurationIsVisible = 0;
			defaultConfigurationName = Release;
		};
		3E81138028EA8DD800E591EA /* Build configuration list for PBXNativeTarget "SystemFeatureApp" */ = {
			isa = XCConfigurationList;
			buildConfigurations = (
				3E81138128EA8DD800E591EA /* Debug */,
				3E81138228EA8DD800E591EA /* Release */,
			);
			defaultConfigurationIsVisible = 0;
			defaultConfigurationName = Release;
		};
/* End XCConfigurationList section */
	};
	rootObject = 3E81136A28EA8DD700E591EA /* Project object */;
}
